
Microsoft Visual Studio Solution File, Format Version 12.00
# Visual Studio Version 16
VisualStudioVersion = 16.0.30413.136
MinimumVisualStudioVersion = 10.0.40219.1
Project("{9A19103F-16F7-4668-BE54-9A1E7A4F7556}") = "ZLMediaKit.HttpApi", "ZLMediaKit.HttpApi\ZLMediaKit.HttpApi.csproj", "{FC1697A7-80D5-40B9-8A03-3CCF62D2D799}"
EndProject
Project("{9A19103F-16F7-4668-BE54-9A1E7A4F7556}") = "ZLMediaKit.HttpApi.Test", "ZLMediaKit.HttpApi.Test\ZLMediaKit.HttpApi.Test.csproj", "{DE954215-BC92-4627-BD82-81A90189D7C7}"
EndProject
Project("{FAE04EC0-301F-11D3-BF4B-00C04F79EFBC}") = "ZLMediaKit.WebHook", "ZLMediaKit.WebHook\ZLMediaKit.WebHook.csproj", "{DC722623-BFEB-4FA3-9E7B-1DC3373DDD05}"
EndProject
Project("{FAE04EC0-301F-11D3-BF4B-00C04F79EFBC}") = "ZLMediaKit.WebHook.Demo", "ZLMediaKit.WebHook.Demo\ZLMediaKit.WebHook.Demo.csproj", "{50BA7D48-3679-46CB-9467-246E2C69AFB6}"
EndProject
Global
	GlobalSection(SolutionConfigurationPlatforms) = preSolution
		Debug|Any CPU = Debug|Any CPU
		Release|Any CPU = Release|Any CPU
	EndGlobalSection
	GlobalSection(ProjectConfigurationPlatforms) = postSolution
		{FC1697A7-80D5-40B9-8A03-3CCF62D2D799}.Debug|Any CPU.ActiveCfg = Debug|Any CPU
		{FC1697A7-80D5-40B9-8A03-3CCF62D2D799}.Debug|Any CPU.Build.0 = Debug|Any CPU
		{FC1697A7-80D5-40B9-8A03-3CCF62D2D799}.Release|Any CPU.ActiveCfg = Release|Any CPU
		{FC1697A7-80D5-40B9-8A03-3CCF62D2D799}.Release|Any CPU.Build.0 = Release|Any CPU
		{DE954215-BC92-4627-BD82-81A90189D7C7}.Debug|Any CPU.ActiveCfg = Debug|Any CPU
		{DE954215-BC92-4627-BD82-81A90189D7C7}.Debug|Any CPU.Build.0 = Debug|Any CPU
		{DE954215-BC92-4627-BD82-81A90189D7C7}.Release|Any CPU.ActiveCfg = Release|Any CPU
		{DE954215-BC92-4627-BD82-81A90189D7C7}.Release|Any CPU.Build.0 = Release|Any CPU
		{DC722623-BFEB-4FA3-9E7B-1DC3373DDD05}.Debug|Any CPU.ActiveCfg = Debug|Any CPU
		{DC722623-BFEB-4FA3-9E7B-1DC3373DDD05}.Debug|Any CPU.Build.0 = Debug|Any CPU
		{DC722623-BFEB-4FA3-9E7B-1DC3373DDD05}.Release|Any CPU.ActiveCfg = Release|Any CPU
		{DC722623-BFEB-4FA3-9E7B-1DC3373DDD05}.Release|Any CPU.Build.0 = Release|Any CPU
		{50BA7D48-3679-46CB-9467-246E2C69AFB6}.Debug|Any CPU.ActiveCfg = Debug|Any CPU
		{50BA7D48-3679-46CB-9467-246E2C69AFB6}.Debug|Any CPU.Build.0 = Debug|Any CPU
		{50BA7D48-3679-46CB-9467-246E2C69AFB6}.Release|Any CPU.ActiveCfg = Release|Any CPU
		{50BA7D48-3679-46CB-9467-246E2C69AFB6}.Release|Any CPU.Build.0 = Release|Any CPU
	EndGlobalSection
	GlobalSection(SolutionProperties) = preSolution
		HideSolutionNode = FALSE
	EndGlobalSection
	GlobalSection(ExtensibilityGlobals) = postSolution
		SolutionGuid = {9CE23F74-D4E2-4FE6-9D55-4AC0F91FC5CD}
	EndGlobalSection
EndGlobal
